{
  "types": {
    "process": {
      "gref_hash": "c7a6cc4739f2a6aa697342cf67d4924b8be757dbc2bd9eae395bc939f10d54ea",
      "type": "sys-process:Root"
    },
    "clock": {
      "gref_hash": "da9d1c247b69702ed49d157f0d697d132f917d00f407438e43c7e438c837c024",
      "type": "sys-clock:Root"
    },
    "table": {
      "gref_hash": "26462d69722d823657dbeb972b0c1a66e5dee2640b098762c5e97786411ba3dd",
      "type": "airtable:Table"
    }
  },
  "imports": [
    {
      "name": "airtable",
      "schema": {
        "types": [
          {
            "name": "Root",
            "description": "",
            "actions": [
              {
                "name": "configure",
                "description": "",
                "type": "Void",
                "params": [
                  {
                    "name": "API_KEY",
                    "type": "String"
                  },
                  {
                    "name": "BASE_ID",
                    "type": "String"
                  }
                ],
                "hints": {}
              },
              {
                "name": "refreshWebhook",
                "description": "",
                "type": "Void",
                "params": [
                  {
                    "name": "id",
                    "type": "String"
                  }
                ],
                "hints": {
                  "hidden": true
                }
              },
              {
                "name": "endpoint",
                "description": "",
                "type": "String",
                "params": [
                  {
                    "name": "method",
                    "type": "String"
                  },
                  {
                    "name": "body",
                    "type": "String"
                  },
                  {
                    "name": "path",
                    "type": "String"
                  },
                  {
                    "name": "query",
                    "type": "String"
                  },
                  {
                    "name": "headers",
                    "type": "String"
                  }
                ],
                "hints": {
                  "hidden": true
                }
              }
            ],
            "fields": [
              {
                "name": "tables",
                "description": "",
                "type": "TableCollection",
                "params": [],
                "hints": {}
              },
              {
                "name": "status",
                "description": "",
                "type": "String",
                "params": [],
                "hints": {}
              },
              {
                "name": "parse",
                "description": "",
                "type": "List",
                "ofType": {
                  "type": "Ref",
                  "ofType": "Table"
                },
                "params": [
                  {
                    "name": "name",
                    "type": "String"
                  },
                  {
                    "name": "value",
                    "type": "String"
                  }
                ],
                "hints": {
                  "hidden": false
                }
              },
              {
                "name": "gref",
                "description": "A reference to this node",
                "type": "Ref",
                "ofType": "Root",
                "params": [],
                "hints": {}
              }
            ],
            "events": []
          },
          {
            "name": "TableCollection",
            "description": "",
            "actions": [],
            "fields": [
              {
                "name": "one",
                "description": "",
                "type": "Table",
                "params": [
                  {
                    "name": "id",
                    "type": "String"
                  }
                ],
                "hints": {}
              },
              {
                "name": "page",
                "description": "",
                "type": "TablePage",
                "params": [],
                "hints": {}
              },
              {
                "name": "gref",
                "description": "A reference to this node",
                "type": "Ref",
                "ofType": "TableCollection",
                "params": [],
                "hints": {}
              }
            ],
            "events": []
          },
          {
            "name": "TablePage",
            "description": "",
            "actions": [],
            "fields": [
              {
                "name": "items",
                "description": "",
                "type": "List",
                "ofType": "Table",
                "params": [],
                "hints": {}
              },
              {
                "name": "next",
                "description": "",
                "type": "Ref",
                "ofType": "TablePage",
                "params": [],
                "hints": {}
              },
              {
                "name": "gref",
                "description": "A reference to this node",
                "type": "Ref",
                "ofType": "TablePage",
                "params": [],
                "hints": {}
              }
            ],
            "events": []
          },
          {
            "name": "Table",
            "description": "",
            "actions": [
              {
                "name": "createRecord",
                "description": "",
                "type": "Int",
                "params": [
                  {
                    "name": "fields",
                    "type": "String"
                  }
                ],
                "hints": {}
              },
              {
                "name": "createWebhook",
                "description": "",
                "type": "Int",
                "params": [],
                "hints": {}
              }
            ],
            "fields": [
              {
                "name": "id",
                "description": "",
                "type": "String",
                "params": [],
                "hints": {}
              },
              {
                "name": "name",
                "description": "",
                "type": "String",
                "params": [],
                "hints": {
                  "primary": true
                }
              },
              {
                "name": "primaryFieldId",
                "description": "",
                "type": "String",
                "params": [],
                "hints": {}
              },
              {
                "name": "records",
                "description": "",
                "type": "RecordCollection",
                "params": [],
                "hints": {}
              },
              {
                "name": "gref",
                "description": "A reference to this node",
                "type": "Ref",
                "ofType": "Table",
                "params": [],
                "hints": {}
              }
            ],
            "events": [
              {
                "name": "changed",
                "description": "",
                "type": "TableEvent",
                "params": [],
                "hints": {}
              }
            ]
          },
          {
            "name": "RecordCollection",
            "description": "",
            "actions": [],
            "fields": [
              {
                "name": "one",
                "description": "",
                "type": "Record",
                "params": [
                  {
                    "name": "id",
                    "type": "String"
                  }
                ],
                "hints": {}
              },
              {
                "name": "page",
                "description": "",
                "type": "RecordPage",
                "params": [
                  {
                    "name": "offset",
                    "type": "String"
                  },
                  {
                    "name": "filterByFormula",
                    "type": "String"
                  },
                  {
                    "name": "maxRecords",
                    "type": "Int"
                  },
                  {
                    "name": "pageSize",
                    "type": "Int"
                  },
                  {
                    "name": "sort",
                    "type": "String"
                  },
                  {
                    "name": "view",
                    "type": "String"
                  },
                  {
                    "name": "cellFormat",
                    "type": "String"
                  },
                  {
                    "name": "timeZone",
                    "type": "String"
                  },
                  {
                    "name": "userLocale",
                    "type": "String"
                  }
                ],
                "hints": {}
              },
              {
                "name": "gref",
                "description": "A reference to this node",
                "type": "Ref",
                "ofType": "RecordCollection",
                "params": [],
                "hints": {}
              }
            ],
            "events": []
          },
          {
            "name": "RecordPage",
            "description": "",
            "actions": [],
            "fields": [
              {
                "name": "items",
                "description": "",
                "type": "List",
                "ofType": "Record",
                "params": [],
                "hints": {}
              },
              {
                "name": "next",
                "description": "",
                "type": "Ref",
                "ofType": "RecordPage",
                "params": [],
                "hints": {}
              },
              {
                "name": "gref",
                "description": "A reference to this node",
                "type": "Ref",
                "ofType": "RecordPage",
                "params": [],
                "hints": {}
              }
            ],
            "events": []
          },
          {
            "name": "Record",
            "description": "",
            "actions": [
              {
                "name": "deleteRecord",
                "description": "",
                "type": "Int",
                "params": [],
                "hints": {}
              },
              {
                "name": "updateRecord",
                "description": "",
                "type": "Int",
                "params": [
                  {
                    "name": "fields",
                    "type": "String"
                  }
                ],
                "hints": {}
              }
            ],
            "fields": [
              {
                "name": "id",
                "description": "",
                "type": "String",
                "params": [],
                "hints": {
                  "primary": true
                }
              },
              {
                "name": "createdTime",
                "description": "",
                "type": "String",
                "params": [],
                "hints": {
                  "primary": true
                }
              },
              {
                "name": "fields",
                "description": "",
                "type": "String",
                "params": [],
                "hints": {}
              },
              {
                "name": "gref",
                "description": "A reference to this node",
                "type": "Ref",
                "ofType": "Record",
                "params": [],
                "hints": {}
              }
            ],
            "events": []
          },
          {
            "name": "TableEvent",
            "description": "",
            "actions": [],
            "fields": [
              {
                "name": "record",
                "description": "",
                "type": "Ref",
                "ofType": "Record",
                "params": [],
                "hints": {}
              },
              {
                "name": "type",
                "description": "",
                "type": "String",
                "params": [],
                "hints": {}
              },
              {
                "name": "gref",
                "description": "A reference to this node",
                "type": "Ref",
                "ofType": "TableEvent",
                "params": [],
                "hints": {}
              }
            ],
            "events": []
          }
        ],
        "imports": [
          {
            "name": "http",
            "schema": {
              "types": [
                {
                  "name": "Root",
                  "description": "Use this program to make HTTP requests",
                  "actions": [
                    {
                      "name": "post",
                      "description": "Performs a POST request",
                      "type": "Resource",
                      "params": [
                        {
                          "name": "url",
                          "type": "String"
                        },
                        {
                          "name": "headers",
                          "type": "String"
                        },
                        {
                          "name": "body",
                          "type": "String"
                        }
                      ],
                      "hints": {}
                    },
                    {
                      "name": "put",
                      "description": "Performs a PUT request",
                      "type": "Resource",
                      "params": [
                        {
                          "name": "url",
                          "type": "String"
                        },
                        {
                          "name": "headers",
                          "type": "String"
                        },
                        {
                          "name": "body",
                          "type": "String"
                        }
                      ],
                      "hints": {}
                    },
                    {
                      "name": "patch",
                      "description": "Performs a PATCH request",
                      "type": "Resource",
                      "params": [
                        {
                          "name": "url",
                          "type": "String"
                        },
                        {
                          "name": "headers",
                          "type": "String"
                        },
                        {
                          "name": "body",
                          "type": "String"
                        }
                      ],
                      "hints": {}
                    },
                    {
                      "name": "delete",
                      "description": "Performs a DELETE request",
                      "type": "Resource",
                      "params": [
                        {
                          "name": "url",
                          "type": "String"
                        },
                        {
                          "name": "headers",
                          "type": "String"
                        },
                        {
                          "name": "body",
                          "type": "String"
                        }
                      ],
                      "hints": {}
                    }
                  ],
                  "fields": [
                    {
                      "name": "status",
                      "description": "",
                      "type": "String",
                      "params": [],
                      "hints": {}
                    },
                    {
                      "name": "get",
                      "description": "A resource obtained via a GET request",
                      "type": "Resource",
                      "params": [
                        {
                          "name": "url",
                          "type": "String"
                        },
                        {
                          "name": "headers",
                          "type": "String"
                        }
                      ],
                      "hints": {}
                    },
                    {
                      "name": "gref",
                      "description": "A reference to this node",
                      "type": "Ref",
                      "ofType": "Root",
                      "params": [],
                      "hints": {}
                    }
                  ],
                  "events": []
                },
                {
                  "name": "Resource",
                  "description": "An HTTP response",
                  "actions": [],
                  "fields": [
                    {
                      "name": "status",
                      "description": "HTTP status code",
                      "type": "Int",
                      "params": [],
                      "hints": {}
                    },
                    {
                      "name": "headers",
                      "description": "HTTP headers returned by server",
                      "type": "String",
                      "params": [],
                      "hints": {}
                    },
                    {
                      "name": "body",
                      "description": "Body of the request as a string",
                      "type": "String",
                      "params": [],
                      "hints": {}
                    },
                    {
                      "name": "gref",
                      "description": "A reference to this node",
                      "type": "Ref",
                      "ofType": "Resource",
                      "params": [],
                      "hints": {}
                    }
                  ],
                  "events": []
                }
              ],
              "imports": [
                {
                  "name": "sys-process",
                  "schema": {
                    "types": [
                      {
                        "name": "Root",
                        "description": "",
                        "actions": [],
                        "fields": [
                          {
                            "name": "endpointUrl",
                            "description": "Gets the program's own endpoint URL",
                            "type": "String",
                            "params": [],
                            "hints": {}
                          }
                        ],
                        "events": []
                      }
                    ],
                    "imports": []
                  },
                  "source": {
                    "Program": "tbd"
                  }
                },
                {
                  "name": "sys-http",
                  "schema": {
                    "types": [
                      {
                        "name": "Root",
                        "description": "",
                        "actions": [
                          {
                            "name": "post",
                            "description": "",
                            "type": "Resource",
                            "params": [
                              {
                                "name": "url",
                                "type": "String"
                              },
                              {
                                "name": "headers",
                                "type": "String"
                              },
                              {
                                "name": "body",
                                "type": "String"
                              }
                            ],
                            "hints": {}
                          },
                          {
                            "name": "put",
                            "description": "",
                            "type": "Resource",
                            "params": [
                              {
                                "name": "url",
                                "type": "String"
                              },
                              {
                                "name": "headers",
                                "type": "String"
                              },
                              {
                                "name": "body",
                                "type": "String"
                              }
                            ],
                            "hints": {}
                          },
                          {
                            "name": "patch",
                            "description": "",
                            "type": "Resource",
                            "params": [
                              {
                                "name": "url",
                                "type": "String"
                              },
                              {
                                "name": "headers",
                                "type": "String"
                              },
                              {
                                "name": "body",
                                "type": "String"
                              }
                            ],
                            "hints": {}
                          },
                          {
                            "name": "delete",
                            "description": "",
                            "type": "Resource",
                            "params": [
                              {
                                "name": "url",
                                "type": "String"
                              },
                              {
                                "name": "headers",
                                "type": "String"
                              },
                              {
                                "name": "body",
                                "type": "String"
                              }
                            ],
                            "hints": {}
                          }
                        ],
                        "fields": [
                          {
                            "name": "get",
                            "description": "",
                            "type": "Resource",
                            "params": [
                              {
                                "name": "url",
                                "type": "String"
                              },
                              {
                                "name": "headers",
                                "type": "String"
                              }
                            ],
                            "hints": {}
                          }
                        ],
                        "events": []
                      },
                      {
                        "name": "Resource",
                        "description": "",
                        "actions": [],
                        "fields": [
                          {
                            "name": "status",
                            "description": "",
                            "type": "Int",
                            "params": [],
                            "hints": {}
                          },
                          {
                            "name": "headers",
                            "description": "",
                            "type": "String",
                            "params": [],
                            "hints": {}
                          },
                          {
                            "name": "body",
                            "description": "",
                            "type": "String",
                            "params": [],
                            "hints": {}
                          }
                        ],
                        "events": []
                      }
                    ],
                    "imports": []
                  },
                  "source": {
                    "Program": "tbd"
                  }
                },
                {
                  "name": "sys-clock",
                  "schema": {
                    "types": [
                      {
                        "name": "Root",
                        "description": "",
                        "actions": [
                          {
                            "name": "sleep",
                            "description": "",
                            "type": "Void",
                            "params": [
                              {
                                "name": "key",
                                "type": "String"
                              },
                              {
                                "name": "seconds",
                                "type": "Float"
                              }
                            ],
                            "hints": {}
                          }
                        ],
                        "fields": [],
                        "events": [
                          {
                            "name": "timer",
                            "description": "",
                            "type": "TimerEvent",
                            "params": [
                              {
                                "name": "key",
                                "type": "String"
                              },
                              {
                                "name": "spec",
                                "type": "String"
                              },
                              {
                                "name": "maxCount",
                                "type": "Int"
                              }
                            ],
                            "hints": {}
                          },
                          {
                            "name": "timerAt",
                            "description": "",
                            "type": "TimerEvent",
                            "params": [
                              {
                                "name": "key",
                                "type": "String"
                              },
                              {
                                "name": "seconds",
                                "type": "String"
                              }
                            ],
                            "hints": {}
                          }
                        ]
                      },
                      {
                        "name": "TimerEvent",
                        "description": "",
                        "actions": [],
                        "fields": [
                          {
                            "name": "id",
                            "description": "",
                            "type": "String",
                            "params": [],
                            "hints": {}
                          }
                        ],
                        "events": []
                      }
                    ],
                    "imports": []
                  },
                  "source": {
                    "Program": "tbd"
                  }
                },
                {
                  "name": "sys-process",
                  "schema": {
                    "types": [
                      {
                        "name": "Root",
                        "description": "",
                        "actions": [],
                        "fields": [
                          {
                            "name": "endpointUrl",
                            "description": "Gets the program's own endpoint URL",
                            "type": "String",
                            "params": [],
                            "hints": {}
                          }
                        ],
                        "events": []
                      }
                    ],
                    "imports": []
                  },
                  "source": {
                    "Program": "tbd"
                  }
                }
              ]
            },
            "source": {
              "Program": "tbd"
            }
          },
          {
            "name": "sys-process",
            "schema": {
              "types": [
                {
                  "name": "Root",
                  "description": "",
                  "actions": [],
                  "fields": [
                    {
                      "name": "endpointUrl",
                      "description": "Gets the program's own endpoint URL",
                      "type": "String",
                      "params": [],
                      "hints": {}
                    }
                  ],
                  "events": []
                }
              ],
              "imports": []
            },
            "source": {
              "Program": "tbd"
            }
          },
          {
            "name": "sys-clock",
            "schema": {
              "types": [
                {
                  "name": "Root",
                  "description": "",
                  "actions": [
                    {
                      "name": "sleep",
                      "description": "",
                      "type": "Void",
                      "params": [
                        {
                          "name": "key",
                          "type": "String"
                        },
                        {
                          "name": "seconds",
                          "type": "Float"
                        }
                      ],
                      "hints": {}
                    }
                  ],
                  "fields": [],
                  "events": [
                    {
                      "name": "timer",
                      "description": "",
                      "type": "TimerEvent",
                      "params": [
                        {
                          "name": "key",
                          "type": "String"
                        },
                        {
                          "name": "spec",
                          "type": "String"
                        },
                        {
                          "name": "maxCount",
                          "type": "Int"
                        }
                      ],
                      "hints": {}
                    },
                    {
                      "name": "timerAt",
                      "description": "",
                      "type": "TimerEvent",
                      "params": [
                        {
                          "name": "key",
                          "type": "String"
                        },
                        {
                          "name": "seconds",
                          "type": "String"
                        }
                      ],
                      "hints": {}
                    }
                  ]
                },
                {
                  "name": "TimerEvent",
                  "description": "",
                  "actions": [],
                  "fields": [
                    {
                      "name": "id",
                      "description": "",
                      "type": "String",
                      "params": [],
                      "hints": {}
                    }
                  ],
                  "events": []
                }
              ],
              "imports": []
            },
            "source": {
              "Program": "tbd"
            }
          }
        ]
      },
      "source": {
        "Program": "tbd"
      }
    },
    {
      "name": "sys-clock",
      "schema": {
        "types": [
          {
            "name": "Root",
            "description": "",
            "actions": [
              {
                "name": "sleep",
                "description": "",
                "type": "Void",
                "params": [
                  {
                    "name": "key",
                    "type": "String"
                  },
                  {
                    "name": "seconds",
                    "type": "Float"
                  }
                ],
                "hints": {}
              }
            ],
            "fields": [],
            "events": [
              {
                "name": "timer",
                "description": "",
                "type": "TimerEvent",
                "params": [
                  {
                    "name": "key",
                    "type": "String"
                  },
                  {
                    "name": "spec",
                    "type": "String"
                  },
                  {
                    "name": "maxCount",
                    "type": "Int"
                  }
                ],
                "hints": {}
              },
              {
                "name": "timerAt",
                "description": "",
                "type": "TimerEvent",
                "params": [
                  {
                    "name": "key",
                    "type": "String"
                  },
                  {
                    "name": "seconds",
                    "type": "String"
                  }
                ],
                "hints": {}
              }
            ]
          },
          {
            "name": "TimerEvent",
            "description": "",
            "actions": [],
            "fields": [
              {
                "name": "id",
                "description": "",
                "type": "String",
                "params": [],
                "hints": {}
              }
            ],
            "events": []
          }
        ],
        "imports": []
      },
      "source": {
        "Program": "tbd"
      }
    },
    {
      "name": "sys-process",
      "schema": {
        "types": [
          {
            "name": "Root",
            "description": "",
            "actions": [],
            "fields": [
              {
                "name": "endpointUrl",
                "description": "Gets the program's own endpoint URL",
                "type": "String",
                "params": [],
                "hints": {}
              }
            ],
            "events": []
          }
        ],
        "imports": []
      },
      "source": {
        "Program": "tbd"
      }
    }
  ]
}